
Microsoft Visual Studio Solution File, Format Version 12.00
# Visual Studio Version 17
VisualStudioVersion = 17.0.32112.339
MinimumVisualStudioVersion = 10.0.40219.1
Project("{FAE04EC0-301F-11D3-BF4B-00C04F79EFBC}") = "MontanoQ1", "MontanoQ1\MontanoQ1.csproj", "{F059621B-5D52-4425-8BBD-984F3668D643}"
EndProject
Global
	GlobalSection(SolutionConfigurationPlatforms) = preSolution
		Debug|Any CPU = Debug|Any CPU
		Release|Any CPU = Release|Any CPU
	EndGlobalSection
	GlobalSection(ProjectConfigurationPlatforms) = postSolution
		{F059621B-5D52-4425-8BBD-984F3668D643}.Debug|Any CPU.ActiveCfg = Debug|Any CPU
		{F059621B-5D52-4425-8BBD-984F3668D643}.Debug|Any CPU.Build.0 = Debug|Any CPU
		{F059621B-5D52-4425-8BBD-984F3668D643}.Release|Any CPU.ActiveCfg = Release|Any CPU
		{F059621B-5D52-4425-8BBD-984F3668D643}.Release|Any CPU.Build.0 = Release|Any CPU
	EndGlobalSection
	GlobalSection(SolutionProperties) = preSolution
		HideSolutionNode = FALSE
	EndGlobalSection
	GlobalSection(ExtensibilityGlobals) = postSolution
		SolutionGuid = {1FB000F0-0A69-4B67-941A-2528AB573E21}
	EndGlobalSection
EndGlobal
